// !$*UTF8*$!
{
	archiveVersion = 1;
	classes = {
	};
	objectVersion = 46;
	objects = {

/* Begin PBXBuildFile section */
		F8022879190243B000E49163 /* UIProgressViewHomeProgress.m in Sources */ = {isa = PBXBuildFile; fileRef = F8022878190243B000E49163 /* UIProgressViewHomeProgress.m */; };
		F816502218C1B577007F4061 /* Question1.png in Resources */ = {isa = PBXBuildFile; fileRef = F816502118C1B577007F4061 /* Question1.png */; };
		F82B64C51917224700162EDB /* oqMapWithDots.jpg in Resources */ = {isa = PBXBuildFile; fileRef = F82B64C21917224700162EDB /* oqMapWithDots.jpg */; };
		F82B64C61917224700162EDB /* Percival.png in Resources */ = {isa = PBXBuildFile; fileRef = F82B64C31917224700162EDB /* Percival.png */; };
		F82B64CA1917231800162EDB /* oqMapImageView.m in Sources */ = {isa = PBXBuildFile; fileRef = F82B64C91917231800162EDB /* oqMapImageView.m */; };
		F82B64CC1917454E00162EDB /* your_text.png in Resources */ = {isa = PBXBuildFile; fileRef = F82B64CB1917454E00162EDB /* your_text.png */; };
		F82B64D21917484900162EDB /* Proceed-To-Next--2.png in Resources */ = {isa = PBXBuildFile; fileRef = F82B64D11917484900162EDB /* Proceed-To-Next--2.png */; };
		F82B64D419174B8B00162EDB /* pixySSAnne.png in Resources */ = {isa = PBXBuildFile; fileRef = F82B64D319174B8B00162EDB /* pixySSAnne.png */; };
		F83B5A421901ED2B001A164E /* UIImageViewQuestion.m in Sources */ = {isa = PBXBuildFile; fileRef = F83B5A411901ED2B001A164E /* UIImageViewQuestion.m */; };
		F859117F18E63AF60050AC37 /* myVariables.m in Sources */ = {isa = PBXBuildFile; fileRef = F859117E18E63AF60050AC37 /* myVariables.m */; };
		F859A66A19174C9D00945AC1 /* pixySSAnneRight.png in Resources */ = {isa = PBXBuildFile; fileRef = F859A66919174C9D00945AC1 /* pixySSAnneRight.png */; };
		F8686AA3191359D900BA46DE /* homeScreen.jpg in Resources */ = {isa = PBXBuildFile; fileRef = F8686AA2191359D900BA46DE /* homeScreen.jpg */; };
		F8686AA519135D4300BA46DE /* start.png in Resources */ = {isa = PBXBuildFile; fileRef = F8686AA419135D4300BA46DE /* start.png */; };
		F8686AA819135E5E00BA46DE /* Creators-2.png in Resources */ = {isa = PBXBuildFile; fileRef = F8686AA619135E5E00BA46DE /* Creators-2.png */; };
		F8686AA919135E5E00BA46DE /* Creators.png in Resources */ = {isa = PBXBuildFile; fileRef = F8686AA719135E5E00BA46DE /* Creators.png */; };
		F8686AAB191361DD00BA46DE /* Contributors.jpg in Resources */ = {isa = PBXBuildFile; fileRef = F8686AAA191361DD00BA46DE /* Contributors.jpg */; };
		F8686AAD1913626F00BA46DE /* Cool.png in Resources */ = {isa = PBXBuildFile; fileRef = F8686AAC1913626F00BA46DE /* Cool.png */; };
		F887517A191FE71700BEB6F0 /* BluePercival.png in Resources */ = {isa = PBXBuildFile; fileRef = F8875179191FE71700BEB6F0 /* BluePercival.png */; };
		F887517C191FE87800BEB6F0 /* Boat.png in Resources */ = {isa = PBXBuildFile; fileRef = F887517B191FE87800BEB6F0 /* Boat.png */; };
		F887517F191FF05000BEB6F0 /* Proceed-To-Previous-.png in Resources */ = {isa = PBXBuildFile; fileRef = F887517D191FF05000BEB6F0 /* Proceed-To-Previous-.png */; };
		F8875180191FF05000BEB6F0 /* Proceed-To-Next--3.png in Resources */ = {isa = PBXBuildFile; fileRef = F887517E191FF05000BEB6F0 /* Proceed-To-Next--3.png */; };
		F8A49CC818E34A510011217E /* Question2.png in Resources */ = {isa = PBXBuildFile; fileRef = F8A49CC718E34A510011217E /* Question2.png */; };
		F8BB257618C4448700066E8E /* PreKnowledgeViewController.m in Sources */ = {isa = PBXBuildFile; fileRef = F8BB257518C4448700066E8E /* PreKnowledgeViewController.m */; };
		F8BB258818C4F43D00066E8E /* BaseViewController.m in Sources */ = {isa = PBXBuildFile; fileRef = F8BB258718C4F43D00066E8E /* BaseViewController.m */; };
		F8BB259318C50DBB00066E8E /* FirstAnswer2.png in Resources */ = {isa = PBXBuildFile; fileRef = F8BB259018C50DBB00066E8E /* FirstAnswer2.png */; };
		F8BB259418C50DBB00066E8E /* FirstAnswer3.png in Resources */ = {isa = PBXBuildFile; fileRef = F8BB259118C50DBB00066E8E /* FirstAnswer3.png */; };
		F8BB259518C50DBB00066E8E /* FirstAnswer4.png in Resources */ = {isa = PBXBuildFile; fileRef = F8BB259218C50DBB00066E8E /* FirstAnswer4.png */; };
		F8BB259718C50F3F00066E8E /* FirstAnswer.png in Resources */ = {isa = PBXBuildFile; fileRef = F8BB259618C50F3F00066E8E /* FirstAnswer.png */; };
		F8D17BD218AEA9B400864525 /* Images.xcassets in Resources */ = {isa = PBXBuildFile; fileRef = F8D17BD118AEA9B400864525 /* Images.xcassets */; };
		FB60FB211895A3F200000D5A /* MapViewController.m in Sources */ = {isa = PBXBuildFile; fileRef = FB60FB201895A3F200000D5A /* MapViewController.m */; };
		FB60FB241895A76700000D5A /* MainViewController.m in Sources */ = {isa = PBXBuildFile; fileRef = FB60FB231895A76700000D5A /* MainViewController.m */; };
		FB60FB2C1895ACB600000D5A /* BattleViewController.m in Sources */ = {isa = PBXBuildFile; fileRef = FB60FB2B1895ACB600000D5A /* BattleViewController.m */; };
		FB60FB2F1895AFC800000D5A /* KnowledgePageViewController.m in Sources */ = {isa = PBXBuildFile; fileRef = FB60FB2E1895AFC800000D5A /* KnowledgePageViewController.m */; };
		FBA171CB18959BD100363AF7 /* Foundation.framework in Frameworks */ = {isa = PBXBuildFile; fileRef = FBA171CA18959BD100363AF7 /* Foundation.framework */; };
		FBA171CD18959BD100363AF7 /* CoreGraphics.framework in Frameworks */ = {isa = PBXBuildFile; fileRef = FBA171CC18959BD100363AF7 /* CoreGraphics.framework */; };
		FBA171CF18959BD100363AF7 /* UIKit.framework in Frameworks */ = {isa = PBXBuildFile; fileRef = FBA171CE18959BD100363AF7 /* UIKit.framework */; };
		FBA171D518959BD100363AF7 /* InfoPlist.strings in Resources */ = {isa = PBXBuildFile; fileRef = FBA171D318959BD100363AF7 /* InfoPlist.strings */; };
		FBA171D718959BD100363AF7 /* main.m in Sources */ = {isa = PBXBuildFile; fileRef = FBA171D618959BD100363AF7 /* main.m */; };
		FBA171DB18959BD100363AF7 /* AppDelegate.m in Sources */ = {isa = PBXBuildFile; fileRef = FBA171DA18959BD100363AF7 /* AppDelegate.m */; };
		FBA171DE18959BD100363AF7 /* Main.storyboard in Resources */ = {isa = PBXBuildFile; fileRef = FBA171DC18959BD100363AF7 /* Main.storyboard */; };
		FBA171E118959BD100363AF7 /* ViewController.m in Sources */ = {isa = PBXBuildFile; fileRef = FBA171E018959BD100363AF7 /* ViewController.m */; };
		FBA171EA18959BD100363AF7 /* XCTest.framework in Frameworks */ = {isa = PBXBuildFile; fileRef = FBA171E918959BD100363AF7 /* XCTest.framework */; };
		FBA171EB18959BD100363AF7 /* Foundation.framework in Frameworks */ = {isa = PBXBuildFile; fileRef = FBA171CA18959BD100363AF7 /* Foundation.framework */; };
		FBA171EC18959BD100363AF7 /* UIKit.framework in Frameworks */ = {isa = PBXBuildFile; fileRef = FBA171CE18959BD100363AF7 /* UIKit.framework */; };
		FBA171F418959BD100363AF7 /* InfoPlist.strings in Resources */ = {isa = PBXBuildFile; fileRef = FBA171F218959BD100363AF7 /* InfoPlist.strings */; };
		FBA171F618959BD100363AF7 /* OrganicQuestTests.m in Sources */ = {isa = PBXBuildFile; fileRef = FBA171F518959BD100363AF7 /* OrganicQuestTests.m */; };
		FBBF76991896011800AB02A0 /* KnowledgeContentViewController.m in Sources */ = {isa = PBXBuildFile; fileRef = FBBF76981896011800AB02A0 /* KnowledgeContentViewController.m */; };
/* End PBXBuildFile section */

/* Begin PBXContainerItemProxy section */
		FBA171ED18959BD100363AF7 /* PBXContainerItemProxy */ = {
			isa = PBXContainerItemProxy;
			containerPortal = FBA171BF18959BD100363AF7 /* Project object */;
			proxyType = 1;
			remoteGlobalIDString = FBA171C618959BD100363AF7;
			remoteInfo = OrganicQuest;
		};
/* End PBXContainerItemProxy section */

/* Begin PBXFileReference section */
		F8022877190243B000E49163 /* UIProgressViewHomeProgress.h */ = {isa = PBXFileReference; fileEncoding = 4; lastKnownFileType = sourcecode.c.h; path = UIProgressViewHomeProgress.h; sourceTree = "<group>"; };
		F8022878190243B000E49163 /* UIProgressViewHomeProgress.m */ = {isa = PBXFileReference; fileEncoding = 4; lastKnownFileType = sourcecode.c.objc; path = UIProgressViewHomeProgress.m; sourceTree = "<group>"; };
		F816502118C1B577007F4061 /* Question1.png */ = {isa = PBXFileReference; lastKnownFileType = image.png; name = Question1.png; path = OrganicQuest/Question1.png; sourceTree = "<group>"; };
		F82B64C21917224700162EDB /* oqMapWithDots.jpg */ = {isa = PBXFileReference; lastKnownFileType = image.jpeg; name = oqMapWithDots.jpg; path = ../oqMapWithDots.jpg; sourceTree = "<group>"; };
		F82B64C31917224700162EDB /* Percival.png */ = {isa = PBXFileReference; lastKnownFileType = image.png; name = Percival.png; path = ../Percival.png; sourceTree = "<group>"; };
		F82B64C81917231800162EDB /* oqMapImageView.h */ = {isa = PBXFileReference; fileEncoding = 4; lastKnownFileType = sourcecode.c.h; path = oqMapImageView.h; sourceTree = "<group>"; };
		F82B64C91917231800162EDB /* oqMapImageView.m */ = {isa = PBXFileReference; fileEncoding = 4; lastKnownFileType = sourcecode.c.objc; path = oqMapImageView.m; sourceTree = "<group>"; };
		F82B64CB1917454E00162EDB /* your_text.png */ = {isa = PBXFileReference; lastKnownFileType = image.png; path = your_text.png; sourceTree = "<group>"; };
		F82B64D11917484900162EDB /* Proceed-To-Next--2.png */ = {isa = PBXFileReference; lastKnownFileType = image.png; path = "Proceed-To-Next--2.png"; sourceTree = "<group>"; };
		F82B64D319174B8B00162EDB /* pixySSAnne.png */ = {isa = PBXFileReference; lastKnownFileType = image.png; path = pixySSAnne.png; sourceTree = "<group>"; };
		F83B5A401901ED2B001A164E /* UIImageViewQuestion.h */ = {isa = PBXFileReference; fileEncoding = 4; lastKnownFileType = sourcecode.c.h; path = UIImageViewQuestion.h; sourceTree = "<group>"; };
		F83B5A411901ED2B001A164E /* UIImageViewQuestion.m */ = {isa = PBXFileReference; fileEncoding = 4; lastKnownFileType = sourcecode.c.objc; path = UIImageViewQuestion.m; sourceTree = "<group>"; };
		F859117D18E63AF60050AC37 /* myVariables.h */ = {isa = PBXFileReference; fileEncoding = 4; lastKnownFileType = sourcecode.c.h; name = myVariables.h; path = ../myVariables.h; sourceTree = "<group>"; };
		F859117E18E63AF60050AC37 /* myVariables.m */ = {isa = PBXFileReference; fileEncoding = 4; lastKnownFileType = sourcecode.c.objc; name = myVariables.m; path = ../myVariables.m; sourceTree = "<group>"; };
		F859A66919174C9D00945AC1 /* pixySSAnneRight.png */ = {isa = PBXFileReference; lastKnownFileType = image.png; name = pixySSAnneRight.png; path = ../pixySSAnneRight.png; sourceTree = "<group>"; };
		F8686AA2191359D900BA46DE /* homeScreen.jpg */ = {isa = PBXFileReference; lastKnownFileType = image.jpeg; path = homeScreen.jpg; sourceTree = "<group>"; };
		F8686AA419135D4300BA46DE /* start.png */ = {isa = PBXFileReference; lastKnownFileType = image.png; path = start.png; sourceTree = "<group>"; };
		F8686AA619135E5E00BA46DE /* Creators-2.png */ = {isa = PBXFileReference; lastKnownFileType = image.png; path = "Creators-2.png"; sourceTree = "<group>"; };
		F8686AA719135E5E00BA46DE /* Creators.png */ = {isa = PBXFileReference; lastKnownFileType = image.png; path = Creators.png; sourceTree = "<group>"; };
		F8686AAA191361DD00BA46DE /* Contributors.jpg */ = {isa = PBXFileReference; lastKnownFileType = image.jpeg; path = Contributors.jpg; sourceTree = "<group>"; };
		F8686AAC1913626F00BA46DE /* Cool.png */ = {isa = PBXFileReference; lastKnownFileType = image.png; path = Cool.png; sourceTree = "<group>"; };
		F8875179191FE71700BEB6F0 /* BluePercival.png */ = {isa = PBXFileReference; lastKnownFileType = image.png; path = BluePercival.png; sourceTree = "<group>"; };
		F887517B191FE87800BEB6F0 /* Boat.png */ = {isa = PBXFileReference; lastKnownFileType = image.png; path = Boat.png; sourceTree = "<group>"; };
		F887517D191FF05000BEB6F0 /* Proceed-To-Previous-.png */ = {isa = PBXFileReference; lastKnownFileType = image.png; path = "Proceed-To-Previous-.png"; sourceTree = "<group>"; };
		F887517E191FF05000BEB6F0 /* Proceed-To-Next--3.png */ = {isa = PBXFileReference; lastKnownFileType = image.png; path = "Proceed-To-Next--3.png"; sourceTree = "<group>"; };
		F8A49CC718E34A510011217E /* Question2.png */ = {isa = PBXFileReference; lastKnownFileType = image.png; name = Question2.png; path = OrganicQuest/Question2.png; sourceTree = "<group>"; };
		F8BB257418C4448700066E8E /* PreKnowledgeViewController.h */ = {isa = PBXFileReference; fileEncoding = 4; lastKnownFileType = sourcecode.c.h; path = PreKnowledgeViewController.h; sourceTree = "<group>"; };
		F8BB257518C4448700066E8E /* PreKnowledgeViewController.m */ = {isa = PBXFileReference; fileEncoding = 4; lastKnownFileType = sourcecode.c.objc; path = PreKnowledgeViewController.m; sourceTree = "<group>"; };
		F8BB258618C4F43D00066E8E /* BaseViewController.h */ = {isa = PBXFileReference; fileEncoding = 4; lastKnownFileType = sourcecode.c.h; path = BaseViewController.h; sourceTree = "<group>"; wrapsLines = 0; };
		F8BB258718C4F43D00066E8E /* BaseViewController.m */ = {isa = PBXFileReference; fileEncoding = 4; lastKnownFileType = sourcecode.c.objc; path = BaseViewController.m; sourceTree = "<group>"; wrapsLines = 0; };
		F8BB259018C50DBB00066E8E /* FirstAnswer2.png */ = {isa = PBXFileReference; lastKnownFileType = image.png; path = FirstAnswer2.png; sourceTree = "<group>"; };
		F8BB259118C50DBB00066E8E /* FirstAnswer3.png */ = {isa = PBXFileReference; lastKnownFileType = image.png; path = FirstAnswer3.png; sourceTree = "<group>"; };
		F8BB259218C50DBB00066E8E /* FirstAnswer4.png */ = {isa = PBXFileReference; lastKnownFileType = image.png; path = FirstAnswer4.png; sourceTree = "<group>"; };
		F8BB259618C50F3F00066E8E /* FirstAnswer.png */ = {isa = PBXFileReference; lastKnownFileType = image.png; path = FirstAnswer.png; sourceTree = "<group>"; };
		F8D17BD118AEA9B400864525 /* Images.xcassets */ = {isa = PBXFileReference; lastKnownFileType = folder.assetcatalog; path = Images.xcassets; sourceTree = "<group>"; };
		FB60FB1F1895A3F200000D5A /* MapViewController.h */ = {isa = PBXFileReference; fileEncoding = 4; lastKnownFileType = sourcecode.c.h; path = MapViewController.h; sourceTree = "<group>"; };
		FB60FB201895A3F200000D5A /* MapViewController.m */ = {isa = PBXFileReference; fileEncoding = 4; lastKnownFileType = sourcecode.c.objc; path = MapViewController.m; sourceTree = "<group>"; };
		FB60FB221895A76700000D5A /* MainViewController.h */ = {isa = PBXFileReference; fileEncoding = 4; lastKnownFileType = sourcecode.c.h; path = MainViewController.h; sourceTree = "<group>"; };
		FB60FB231895A76700000D5A /* MainViewController.m */ = {isa = PBXFileReference; fileEncoding = 4; lastKnownFileType = sourcecode.c.objc; path = MainViewController.m; sourceTree = "<group>"; };
		FB60FB2A1895ACB600000D5A /* BattleViewController.h */ = {isa = PBXFileReference; fileEncoding = 4; lastKnownFileType = sourcecode.c.h; path = BattleViewController.h; sourceTree = "<group>"; };
		FB60FB2B1895ACB600000D5A /* BattleViewController.m */ = {isa = PBXFileReference; fileEncoding = 4; lastKnownFileType = sourcecode.c.objc; path = BattleViewController.m; sourceTree = "<group>"; };
		FB60FB2D1895AFC800000D5A /* KnowledgePageViewController.h */ = {isa = PBXFileReference; fileEncoding = 4; lastKnownFileType = sourcecode.c.h; path = KnowledgePageViewController.h; sourceTree = "<group>"; };
		FB60FB2E1895AFC800000D5A /* KnowledgePageViewController.m */ = {isa = PBXFileReference; fileEncoding = 4; lastKnownFileType = sourcecode.c.objc; path = KnowledgePageViewController.m; sourceTree = "<group>"; };
		FBA171C718959BD100363AF7 /* OrganicQuest.app */ = {isa = PBXFileReference; explicitFileType = wrapper.application; includeInIndex = 0; path = OrganicQuest.app; sourceTree = BUILT_PRODUCTS_DIR; };
		FBA171CA18959BD100363AF7 /* Foundation.framework */ = {isa = PBXFileReference; lastKnownFileType = wrapper.framework; name = Foundation.framework; path = System/Library/Frameworks/Foundation.framework; sourceTree = SDKROOT; };
		FBA171CC18959BD100363AF7 /* CoreGraphics.framework */ = {isa = PBXFileReference; lastKnownFileType = wrapper.framework; name = CoreGraphics.framework; path = System/Library/Frameworks/CoreGraphics.framework; sourceTree = SDKROOT; };
		FBA171CE18959BD100363AF7 /* UIKit.framework */ = {isa = PBXFileReference; lastKnownFileType = wrapper.framework; name = UIKit.framework; path = System/Library/Frameworks/UIKit.framework; sourceTree = SDKROOT; };
		FBA171D218959BD100363AF7 /* OrganicQuest-Info.plist */ = {isa = PBXFileReference; lastKnownFileType = text.plist.xml; path = "OrganicQuest-Info.plist"; sourceTree = "<group>"; };
		FBA171D418959BD100363AF7 /* en */ = {isa = PBXFileReference; lastKnownFileType = text.plist.strings; name = en; path = en.lproj/InfoPlist.strings; sourceTree = "<group>"; };
		FBA171D618959BD100363AF7 /* main.m */ = {isa = PBXFileReference; lastKnownFileType = sourcecode.c.objc; path = main.m; sourceTree = "<group>"; };
		FBA171D818959BD100363AF7 /* OrganicQuest-Prefix.pch */ = {isa = PBXFileReference; lastKnownFileType = sourcecode.c.h; path = "OrganicQuest-Prefix.pch"; sourceTree = "<group>"; };
		FBA171D918959BD100363AF7 /* AppDelegate.h */ = {isa = PBXFileReference; lastKnownFileType = sourcecode.c.h; path = AppDelegate.h; sourceTree = "<group>"; };
		FBA171DA18959BD100363AF7 /* AppDelegate.m */ = {isa = PBXFileReference; lastKnownFileType = sourcecode.c.objc; path = AppDelegate.m; sourceTree = "<group>"; };
		FBA171DD18959BD100363AF7 /* Base */ = {isa = PBXFileReference; lastKnownFileType = file.storyboard; name = Base; path = Base.lproj/Main.storyboard; sourceTree = "<group>"; };
		FBA171DF18959BD100363AF7 /* ViewController.h */ = {isa = PBXFileReference; lastKnownFileType = sourcecode.c.h; path = ViewController.h; sourceTree = "<group>"; };
		FBA171E018959BD100363AF7 /* ViewController.m */ = {isa = PBXFileReference; lastKnownFileType = sourcecode.c.objc; path = ViewController.m; sourceTree = "<group>"; };
		FBA171E818959BD100363AF7 /* OrganicQuestTests.xctest */ = {isa = PBXFileReference; explicitFileType = wrapper.cfbundle; includeInIndex = 0; path = OrganicQuestTests.xctest; sourceTree = BUILT_PRODUCTS_DIR; };
		FBA171E918959BD100363AF7 /* XCTest.framework */ = {isa = PBXFileReference; lastKnownFileType = wrapper.framework; name = XCTest.framework; path = Library/Frameworks/XCTest.framework; sourceTree = DEVELOPER_DIR; };
		FBA171F118959BD100363AF7 /* OrganicQuestTests-Info.plist */ = {isa = PBXFileReference; lastKnownFileType = text.plist.xml; path = "OrganicQuestTests-Info.plist"; sourceTree = "<group>"; };
		FBA171F318959BD100363AF7 /* en */ = {isa = PBXFileReference; lastKnownFileType = text.plist.strings; name = en; path = en.lproj/InfoPlist.strings; sourceTree = "<group>"; };
		FBA171F518959BD100363AF7 /* OrganicQuestTests.m */ = {isa = PBXFileReference; lastKnownFileType = sourcecode.c.objc; path = OrganicQuestTests.m; sourceTree = "<group>"; };
		FBBF76971896011800AB02A0 /* KnowledgeContentViewController.h */ = {isa = PBXFileReference; fileEncoding = 4; lastKnownFileType = sourcecode.c.h; path = KnowledgeContentViewController.h; sourceTree = "<group>"; wrapsLines = 0; };
		FBBF76981896011800AB02A0 /* KnowledgeContentViewController.m */ = {isa = PBXFileReference; fileEncoding = 4; lastKnownFileType = sourcecode.c.objc; path = KnowledgeContentViewController.m; sourceTree = "<group>"; };
/* End PBXFileReference section */

/* Begin PBXFrameworksBuildPhase section */
		FBA171C418959BD100363AF7 /* Frameworks */ = {
			isa = PBXFrameworksBuildPhase;
			buildActionMask = 2147483647;
			files = (
				FBA171CD18959BD100363AF7 /* CoreGraphics.framework in Frameworks */,
				FBA171CF18959BD100363AF7 /* UIKit.framework in Frameworks */,
				FBA171CB18959BD100363AF7 /* Foundation.framework in Frameworks */,
			);
			runOnlyForDeploymentPostprocessing = 0;
		};
		FBA171E518959BD100363AF7 /* Frameworks */ = {
			isa = PBXFrameworksBuildPhase;
			buildActionMask = 2147483647;
			files = (
				FBA171EA18959BD100363AF7 /* XCTest.framework in Frameworks */,
				FBA171EC18959BD100363AF7 /* UIKit.framework in Frameworks */,
				FBA171EB18959BD100363AF7 /* Foundation.framework in Frameworks */,
			);
			runOnlyForDeploymentPostprocessing = 0;
		};
/* End PBXFrameworksBuildPhase section */

/* Begin PBXGroup section */
		F83F51F11915A65000D22EF1 /* First Answer Series */ = {
			isa = PBXGroup;
			children = (
				F8BB259618C50F3F00066E8E /* FirstAnswer.png */,
				F8BB259018C50DBB00066E8E /* FirstAnswer2.png */,
				F8BB259118C50DBB00066E8E /* FirstAnswer3.png */,
				F8BB259218C50DBB00066E8E /* FirstAnswer4.png */,
			);
			name = "First Answer Series";
			sourceTree = "<group>";
		};
		F83F51F21915A66600D22EF1 /* Questions */ = {
			isa = PBXGroup;
			children = (
				F8A49CC718E34A510011217E /* Question2.png */,
				F816502118C1B577007F4061 /* Question1.png */,
			);
			name = Questions;
			sourceTree = "<group>";
		};
		F83F51F31915A6A300D22EF1 /* View Resources */ = {
			isa = PBXGroup;
			children = (
				F887517B191FE87800BEB6F0 /* Boat.png */,
				F8875179191FE71700BEB6F0 /* BluePercival.png */,
				F82B64D319174B8B00162EDB /* pixySSAnne.png */,
				F887517D191FF05000BEB6F0 /* Proceed-To-Previous-.png */,
				F887517E191FF05000BEB6F0 /* Proceed-To-Next--3.png */,
				F859A66919174C9D00945AC1 /* pixySSAnneRight.png */,
				F82B64CB1917454E00162EDB /* your_text.png */,
				F82B64C21917224700162EDB /* oqMapWithDots.jpg */,
				F82B64C31917224700162EDB /* Percival.png */,
				F8686AAC1913626F00BA46DE /* Cool.png */,
				F8686AAA191361DD00BA46DE /* Contributors.jpg */,
				F8686AA619135E5E00BA46DE /* Creators-2.png */,
				F82B64D11917484900162EDB /* Proceed-To-Next--2.png */,
				F8686AA719135E5E00BA46DE /* Creators.png */,
				F8686AA419135D4300BA46DE /* start.png */,
				F8686AA2191359D900BA46DE /* homeScreen.jpg */,
			);
			name = "View Resources";
			path = OrganicQuest;
			sourceTree = "<group>";
		};
		FBA171BE18959BD100363AF7 = {
			isa = PBXGroup;
			children = (
				F83F51F31915A6A300D22EF1 /* View Resources */,
				F83F51F11915A65000D22EF1 /* First Answer Series */,
				F83F51F21915A66600D22EF1 /* Questions */,
				FBA171D018959BD100363AF7 /* OrganicQuest */,
				FBA171EF18959BD100363AF7 /* OrganicQuestTests */,
				FBA171C918959BD100363AF7 /* Frameworks */,
				FBA171C818959BD100363AF7 /* Products */,
			);
			sourceTree = "<group>";
		};
		FBA171C818959BD100363AF7 /* Products */ = {
			isa = PBXGroup;
			children = (
				FBA171C718959BD100363AF7 /* OrganicQuest.app */,
				FBA171E818959BD100363AF7 /* OrganicQuestTests.xctest */,
			);
			name = Products;
			sourceTree = "<group>";
		};
		FBA171C918959BD100363AF7 /* Frameworks */ = {
			isa = PBXGroup;
			children = (
				FBA171CA18959BD100363AF7 /* Foundation.framework */,
				FBA171CC18959BD100363AF7 /* CoreGraphics.framework */,
				FBA171CE18959BD100363AF7 /* UIKit.framework */,
				FBA171E918959BD100363AF7 /* XCTest.framework */,
			);
			name = Frameworks;
			sourceTree = "<group>";
		};
		FBA171D018959BD100363AF7 /* OrganicQuest */ = {
			isa = PBXGroup;
			children = (
				FBA171D918959BD100363AF7 /* AppDelegate.h */,
				FBA171DA18959BD100363AF7 /* AppDelegate.m */,
				F8BB258618C4F43D00066E8E /* BaseViewController.h */,
				F8BB258718C4F43D00066E8E /* BaseViewController.m */,
				FB60FB2A1895ACB600000D5A /* BattleViewController.h */,
				FB60FB2B1895ACB600000D5A /* BattleViewController.m */,
				F8D17BD118AEA9B400864525 /* Images.xcassets */,
				FBBF76971896011800AB02A0 /* KnowledgeContentViewController.h */,
				FBBF76981896011800AB02A0 /* KnowledgeContentViewController.m */,
				FB60FB2D1895AFC800000D5A /* KnowledgePageViewController.h */,
				FB60FB2E1895AFC800000D5A /* KnowledgePageViewController.m */,
				FBA171DC18959BD100363AF7 /* Main.storyboard */,
				FB60FB221895A76700000D5A /* MainViewController.h */,
				FB60FB231895A76700000D5A /* MainViewController.m */,
				FB60FB1F1895A3F200000D5A /* MapViewController.h */,
				FB60FB201895A3F200000D5A /* MapViewController.m */,
				F859117D18E63AF60050AC37 /* myVariables.h */,
				F859117E18E63AF60050AC37 /* myVariables.m */,
				F82B64C81917231800162EDB /* oqMapImageView.h */,
				F82B64C91917231800162EDB /* oqMapImageView.m */,
				F8BB257418C4448700066E8E /* PreKnowledgeViewController.h */,
				F8BB257518C4448700066E8E /* PreKnowledgeViewController.m */,
				FBA171D118959BD100363AF7 /* Supporting Files */,
				F83B5A401901ED2B001A164E /* UIImageViewQuestion.h */,
				F83B5A411901ED2B001A164E /* UIImageViewQuestion.m */,
				F8022877190243B000E49163 /* UIProgressViewHomeProgress.h */,
				F8022878190243B000E49163 /* UIProgressViewHomeProgress.m */,
				FBA171DF18959BD100363AF7 /* ViewController.h */,
				FBA171E018959BD100363AF7 /* ViewController.m */,
			);
			path = OrganicQuest;
			sourceTree = "<group>";
		};
		FBA171D118959BD100363AF7 /* Supporting Files */ = {
			isa = PBXGroup;
			children = (
				FBA171D218959BD100363AF7 /* OrganicQuest-Info.plist */,
				FBA171D318959BD100363AF7 /* InfoPlist.strings */,
				FBA171D618959BD100363AF7 /* main.m */,
				FBA171D818959BD100363AF7 /* OrganicQuest-Prefix.pch */,
			);
			name = "Supporting Files";
			sourceTree = "<group>";
		};
		FBA171EF18959BD100363AF7 /* OrganicQuestTests */ = {
			isa = PBXGroup;
			children = (
				FBA171F518959BD100363AF7 /* OrganicQuestTests.m */,
				FBA171F018959BD100363AF7 /* Supporting Files */,
			);
			path = OrganicQuestTests;
			sourceTree = "<group>";
		};
		FBA171F018959BD100363AF7 /* Supporting Files */ = {
			isa = PBXGroup;
			children = (
				FBA171F118959BD100363AF7 /* OrganicQuestTests-Info.plist */,
				FBA171F218959BD100363AF7 /* InfoPlist.strings */,
			);
			name = "Supporting Files";
			sourceTree = "<group>";
		};
/* End PBXGroup section */

/* Begin PBXNativeTarget section */
		FBA171C618959BD100363AF7 /* OrganicQuest */ = {
			isa = PBXNativeTarget;
			buildConfigurationList = FBA171F918959BD100363AF7 /* Build configuration list for PBXNativeTarget "OrganicQuest" */;
			buildPhases = (
				FBA171C318959BD100363AF7 /* Sources */,
				FBA171C418959BD100363AF7 /* Frameworks */,
				FBA171C518959BD100363AF7 /* Resources */,
			);
			buildRules = (
			);
			dependencies = (
			);
			name = OrganicQuest;
			productName = OrganicQuest;
			productReference = FBA171C718959BD100363AF7 /* OrganicQuest.app */;
			productType = "com.apple.product-type.application";
		};
		FBA171E718959BD100363AF7 /* OrganicQuestTests */ = {
			isa = PBXNativeTarget;
			buildConfigurationList = FBA171FC18959BD100363AF7 /* Build configuration list for PBXNativeTarget "OrganicQuestTests" */;
			buildPhases = (
				FBA171E418959BD100363AF7 /* Sources */,
				FBA171E518959BD100363AF7 /* Frameworks */,
				FBA171E618959BD100363AF7 /* Resources */,
			);
			buildRules = (
			);
			dependencies = (
				FBA171EE18959BD100363AF7 /* PBXTargetDependency */,
			);
			name = OrganicQuestTests;
			productName = OrganicQuestTests;
			productReference = FBA171E818959BD100363AF7 /* OrganicQuestTests.xctest */;
			productType = "com.apple.product-type.bundle.unit-test";
		};
/* End PBXNativeTarget section */

/* Begin PBXProject section */
		FBA171BF18959BD100363AF7 /* Project object */ = {
			isa = PBXProject;
			attributes = {
				LastUpgradeCheck = 0500;
				ORGANIZATIONNAME = Connor;
				TargetAttributes = {
					FBA171C618959BD100363AF7 = {
						DevelopmentTeam = GD3QVDWKPJ;
					};
					FBA171E718959BD100363AF7 = {
						TestTargetID = FBA171C618959BD100363AF7;
					};
				};
			};
			buildConfigurationList = FBA171C218959BD100363AF7 /* Build configuration list for PBXProject "OrganicQuest" */;
			compatibilityVersion = "Xcode 3.2";
			developmentRegion = English;
			hasScannedForEncodings = 0;
			knownRegions = (
				en,
				Base,
			);
			mainGroup = FBA171BE18959BD100363AF7;
			productRefGroup = FBA171C818959BD100363AF7 /* Products */;
			projectDirPath = "";
			projectRoot = "";
			targets = (
				FBA171C618959BD100363AF7 /* OrganicQuest */,
				FBA171E718959BD100363AF7 /* OrganicQuestTests */,
			);
		};
/* End PBXProject section */

/* Begin PBXResourcesBuildPhase section */
		FBA171C518959BD100363AF7 /* Resources */ = {
			isa = PBXResourcesBuildPhase;
			buildActionMask = 2147483647;
			files = (
				F859A66A19174C9D00945AC1 /* pixySSAnneRight.png in Resources */,
				F8875180191FF05000BEB6F0 /* Proceed-To-Next--3.png in Resources */,
				F8D17BD218AEA9B400864525 /* Images.xcassets in Resources */,
				F82B64D21917484900162EDB /* Proceed-To-Next--2.png in Resources */,
				F8686AA919135E5E00BA46DE /* Creators.png in Resources */,
				F82B64CC1917454E00162EDB /* your_text.png in Resources */,
				F887517A191FE71700BEB6F0 /* BluePercival.png in Resources */,
				F8686AAB191361DD00BA46DE /* Contributors.jpg in Resources */,
				F8BB259418C50DBB00066E8E /* FirstAnswer3.png in Resources */,
				F887517C191FE87800BEB6F0 /* Boat.png in Resources */,
				F82B64C51917224700162EDB /* oqMapWithDots.jpg in Resources */,
				F8686AA819135E5E00BA46DE /* Creators-2.png in Resources */,
				F816502218C1B577007F4061 /* Question1.png in Resources */,
				F887517F191FF05000BEB6F0 /* Proceed-To-Previous-.png in Resources */,
				F8686AA3191359D900BA46DE /* homeScreen.jpg in Resources */,
				F8686AAD1913626F00BA46DE /* Cool.png in Resources */,
				F8686AA519135D4300BA46DE /* start.png in Resources */,
				F8BB259518C50DBB00066E8E /* FirstAnswer4.png in Resources */,
				FBA171D518959BD100363AF7 /* InfoPlist.strings in Resources */,
				FBA171DE18959BD100363AF7 /* Main.storyboard in Resources */,
				F8A49CC818E34A510011217E /* Question2.png in Resources */,
				F82B64D419174B8B00162EDB /* pixySSAnne.png in Resources */,
				F8BB259718C50F3F00066E8E /* FirstAnswer.png in Resources */,
				F82B64C61917224700162EDB /* Percival.png in Resources */,
				F8BB259318C50DBB00066E8E /* FirstAnswer2.png in Resources */,
			);
			runOnlyForDeploymentPostprocessing = 0;
		};
		FBA171E618959BD100363AF7 /* Resources */ = {
			isa = PBXResourcesBuildPhase;
			buildActionMask = 2147483647;
			files = (
				FBA171F418959BD100363AF7 /* InfoPlist.strings in Resources */,
			);
			runOnlyForDeploymentPostprocessing = 0;
		};
/* End PBXResourcesBuildPhase section */

/* Begin PBXSourcesBuildPhase section */
		FBA171C318959BD100363AF7 /* Sources */ = {
			isa = PBXSourcesBuildPhase;
			buildActionMask = 2147483647;
			files = (
				FBA171E118959BD100363AF7 /* ViewController.m in Sources */,
				F8BB258818C4F43D00066E8E /* BaseViewController.m in Sources */,
				FB60FB2C1895ACB600000D5A /* BattleViewController.m in Sources */,
				F8BB257618C4448700066E8E /* PreKnowledgeViewController.m in Sources */,
				FBBF76991896011800AB02A0 /* KnowledgeContentViewController.m in Sources */,
				FB60FB2F1895AFC800000D5A /* KnowledgePageViewController.m in Sources */,
				F859117F18E63AF60050AC37 /* myVariables.m in Sources */,
				FBA171DB18959BD100363AF7 /* AppDelegate.m in Sources */,
				F83B5A421901ED2B001A164E /* UIImageViewQuestion.m in Sources */,
				F8022879190243B000E49163 /* UIProgressViewHomeProgress.m in Sources */,
				FBA171D718959BD100363AF7 /* main.m in Sources */,
				FB60FB241895A76700000D5A /* MainViewController.m in Sources */,
				FB60FB211895A3F200000D5A /* MapViewController.m in Sources */,
				F82B64CA1917231800162EDB /* oqMapImageView.m in Sources */,
			);
			runOnlyForDeploymentPostprocessing = 0;
		};
		FBA171E418959BD100363AF7 /* Sources */ = {
			isa = PBXSourcesBuildPhase;
			buildActionMask = 2147483647;
			files = (
				FBA171F618959BD100363AF7 /* OrganicQuestTests.m in Sources */,
			);
			runOnlyForDeploymentPostprocessing = 0;
		};
/* End PBXSourcesBuildPhase section */

/* Begin PBXTargetDependency section */
		FBA171EE18959BD100363AF7 /* PBXTargetDependency */ = {
			isa = PBXTargetDependency;
			target = FBA171C618959BD100363AF7 /* OrganicQuest */;
			targetProxy = FBA171ED18959BD100363AF7 /* PBXContainerItemProxy */;
		};
/* End PBXTargetDependency section */

/* Begin PBXVariantGroup section */
		FBA171D318959BD100363AF7 /* InfoPlist.strings */ = {
			isa = PBXVariantGroup;
			children = (
				FBA171D418959BD100363AF7 /* en */,
			);
			name = InfoPlist.strings;
			sourceTree = "<group>";
		};
		FBA171DC18959BD100363AF7 /* Main.storyboard */ = {
			isa = PBXVariantGroup;
			children = (
				FBA171DD18959BD100363AF7 /* Base */,
			);
			name = Main.storyboard;
			sourceTree = "<group>";
		};
		FBA171F218959BD100363AF7 /* InfoPlist.strings */ = {
			isa = PBXVariantGroup;
			children = (
				FBA171F318959BD100363AF7 /* en */,
			);
			name = InfoPlist.strings;
			sourceTree = "<group>";
		};
/* End PBXVariantGroup section */

/* Begin XCBuildConfiguration section */
		FBA171F718959BD100363AF7 /* Debug */ = {
			isa = XCBuildConfiguration;
			buildSettings = {
				ALWAYS_SEARCH_USER_PATHS = NO;
				CLANG_CXX_LANGUAGE_STANDARD = "gnu++0x";
				CLANG_CXX_LIBRARY = "libc++";
				CLANG_ENABLE_MODULES = YES;
				CLANG_ENABLE_OBJC_ARC = YES;
				CLANG_WARN_BOOL_CONVERSION = YES;
				CLANG_WARN_CONSTANT_CONVERSION = YES;
				CLANG_WARN_DIRECT_OBJC_ISA_USAGE = YES_ERROR;
				CLANG_WARN_EMPTY_BODY = YES;
				CLANG_WARN_ENUM_CONVERSION = YES;
				CLANG_WARN_INT_CONVERSION = YES;
				CLANG_WARN_OBJC_ROOT_CLASS = YES_ERROR;
				CLANG_WARN__DUPLICATE_METHOD_MATCH = YES;
				"CODE_SIGN_IDENTITY[sdk=iphoneos*]" = "iPhone Developer";
				COPY_PHASE_STRIP = NO;
				GCC_C_LANGUAGE_STANDARD = gnu99;
				GCC_DYNAMIC_NO_PIC = NO;
				GCC_OPTIMIZATION_LEVEL = 0;
				GCC_PREPROCESSOR_DEFINITIONS = (
					"DEBUG=1",
					"$(inherited)",
				);
				GCC_SYMBOLS_PRIVATE_EXTERN = NO;
				GCC_WARN_64_TO_32_BIT_CONVERSION = YES;
				GCC_WARN_ABOUT_RETURN_TYPE = YES_ERROR;
				GCC_WARN_UNDECLARED_SELECTOR = YES;
				GCC_WARN_UNINITIALIZED_AUTOS = YES;
				GCC_WARN_UNUSED_FUNCTION = YES;
				GCC_WARN_UNUSED_VARIABLE = YES;
				IPHONEOS_DEPLOYMENT_TARGET = 7.0;
				ONLY_ACTIVE_ARCH = YES;
				SDKROOT = iphoneos;
			};
			name = Debug;
		};
		FBA171F818959BD100363AF7 /* Release */ = {
			isa = XCBuildConfiguration;
			buildSettings = {
				ALWAYS_SEARCH_USER_PATHS = NO;
				CLANG_CXX_LANGUAGE_STANDARD = "gnu++0x";
				CLANG_CXX_LIBRARY = "libc++";
				CLANG_ENABLE_MODULES = YES;
				CLANG_ENABLE_OBJC_ARC = YES;
				CLANG_WARN_BOOL_CONVERSION = YES;
				CLANG_WARN_CONSTANT_CONVERSION = YES;
				CLANG_WARN_DIRECT_OBJC_ISA_USAGE = YES_ERROR;
				CLANG_WARN_EMPTY_BODY = YES;
				CLANG_WARN_ENUM_CONVERSION = YES;
				CLANG_WARN_INT_CONVERSION = YES;
				CLANG_WARN_OBJC_ROOT_CLASS = YES_ERROR;
				CLANG_WARN__DUPLICATE_METHOD_MATCH = YES;
				"CODE_SIGN_IDENTITY[sdk=iphoneos*]" = "iPhone Developer";
				COPY_PHASE_STRIP = YES;
				ENABLE_NS_ASSERTIONS = NO;
				GCC_C_LANGUAGE_STANDARD = gnu99;
				GCC_WARN_64_TO_32_BIT_CONVERSION = YES;
				GCC_WARN_ABOUT_RETURN_TYPE = YES_ERROR;
				GCC_WARN_UNDECLARED_SELECTOR = YES;
				GCC_WARN_UNINITIALIZED_AUTOS = YES;
				GCC_WARN_UNUSED_FUNCTION = YES;
				GCC_WARN_UNUSED_VARIABLE = YES;
				IPHONEOS_DEPLOYMENT_TARGET = 7.0;
				SDKROOT = iphoneos;
				VALIDATE_PRODUCT = YES;
			};
			name = Release;
		};
		FBA171FA18959BD100363AF7 /* Debug */ = {
			isa = XCBuildConfiguration;
			buildSettings = {
				ASSETCATALOG_COMPILER_APPICON_NAME = AppIcon;
				ASSETCATALOG_COMPILER_LAUNCHIMAGE_NAME = LaunchImage;
				CODE_SIGN_IDENTITY = "iPhone Developer";
				GCC_PRECOMPILE_PREFIX_HEADER = YES;
				GCC_PREFIX_HEADER = "OrganicQuest/OrganicQuest-Prefix.pch";
				INFOPLIST_FILE = "OrganicQuest/OrganicQuest-Info.plist";
				IPHONEOS_DEPLOYMENT_TARGET = 7.1;
				PRODUCT_NAME = "$(TARGET_NAME)";
				WRAPPER_EXTENSION = app;
			};
			name = Debug;
		};
		FBA171FB18959BD100363AF7 /* Release */ = {
			isa = XCBuildConfiguration;
			buildSettings = {
				ASSETCATALOG_COMPILER_APPICON_NAME = AppIcon;
				ASSETCATALOG_COMPILER_LAUNCHIMAGE_NAME = LaunchImage;
				CODE_SIGN_IDENTITY = "iPhone Developer";
				GCC_PRECOMPILE_PREFIX_HEADER = YES;
				GCC_PREFIX_HEADER = "OrganicQuest/OrganicQuest-Prefix.pch";
				INFOPLIST_FILE = "OrganicQuest/OrganicQuest-Info.plist";
				IPHONEOS_DEPLOYMENT_TARGET = 7.1;
				PRODUCT_NAME = "$(TARGET_NAME)";
				WRAPPER_EXTENSION = app;
			};
			name = Release;
		};
		FBA171FD18959BD100363AF7 /* Debug */ = {
			isa = XCBuildConfiguration;
			buildSettings = {
				BUNDLE_LOADER = "$(BUILT_PRODUCTS_DIR)/OrganicQuest.app/OrganicQuest";
				FRAMEWORK_SEARCH_PATHS = (
					"$(SDKROOT)/Developer/Library/Frameworks",
					"$(inherited)",
					"$(DEVELOPER_FRAMEWORKS_DIR)",
				);
				GCC_PRECOMPILE_PREFIX_HEADER = YES;
				GCC_PREFIX_HEADER = "OrganicQuest/OrganicQuest-Prefix.pch";
				GCC_PREPROCESSOR_DEFINITIONS = (
					"DEBUG=1",
					"$(inherited)",
				);
				INFOPLIST_FILE = "OrganicQuestTests/OrganicQuestTests-Info.plist";
				PRODUCT_NAME = "$(TARGET_NAME)";
				TEST_HOST = "$(BUNDLE_LOADER)";
				WRAPPER_EXTENSION = xctest;
			};
			name = Debug;
		};
		FBA171FE18959BD100363AF7 /* Release */ = {
			isa = XCBuildConfiguration;
			buildSettings = {
				BUNDLE_LOADER = "$(BUILT_PRODUCTS_DIR)/OrganicQuest.app/OrganicQuest";
				FRAMEWORK_SEARCH_PATHS = (
					"$(SDKROOT)/Developer/Library/Frameworks",
					"$(inherited)",
					"$(DEVELOPER_FRAMEWORKS_DIR)",
				);
				GCC_PRECOMPILE_PREFIX_HEADER = YES;
				GCC_PREFIX_HEADER = "OrganicQuest/OrganicQuest-Prefix.pch";
				INFOPLIST_FILE = "OrganicQuestTests/OrganicQuestTests-Info.plist";
				PRODUCT_NAME = "$(TARGET_NAME)";
				TEST_HOST = "$(BUNDLE_LOADER)";
				WRAPPER_EXTENSION = xctest;
			};
			name = Release;
		};
/* End XCBuildConfiguration section */

/* Begin XCConfigurationList section */
		FBA171C218959BD100363AF7 /* Build configuration list for PBXProject "OrganicQuest" */ = {
			isa = XCConfigurationList;
			buildConfigurations = (
				FBA171F718959BD100363AF7 /* Debug */,
				FBA171F818959BD100363AF7 /* Release */,
			);
			defaultConfigurationIsVisible = 0;
			defaultConfigurationName = Release;
		};
		FBA171F918959BD100363AF7 /* Build configuration list for PBXNativeTarget "OrganicQuest" */ = {
			isa = XCConfigurationList;
			buildConfigurations = (
				FBA171FA18959BD100363AF7 /* Debug */,
				FBA171FB18959BD100363AF7 /* Release */,
			);
			defaultConfigurationIsVisible = 0;
			defaultConfigurationName = Release;
		};
		FBA171FC18959BD100363AF7 /* Build configuration list for PBXNativeTarget "OrganicQuestTests" */ = {
			isa = XCConfigurationList;
			buildConfigurations = (
				FBA171FD18959BD100363AF7 /* Debug */,
				FBA171FE18959BD100363AF7 /* Release */,
			);
			defaultConfigurationIsVisible = 0;
			defaultConfigurationName = Release;
		};
/* End XCConfigurationList section */
	};
	rootObject = FBA171BF18959BD100363AF7 /* Project object */;
}
